PODS:
  - Alamofire (5.2.2)
  - appstore-card-transition (1.0.4)

DEPENDENCIES:
  - Alamofire (~> 5.2)
  - appstore-card-transition

SPEC REPOS:
  https://github.com/cocoapods/specs.git:
    - Alamofire
    - appstore-card-transition

SPEC CHECKSUMS:
  Alamofire: 814429acc853c6c54ff123fc3d2ef66803823ce0
  appstore-card-transition: 660c136cb8a0f0004b2e99e99f1305bfa041f05c

PODFILE CHECKSUM: 6aaa38e881d235af00263af92faf7d4c50961560

COCOAPODS: 1.7.5
